
Microsoft Visual Studio Solution File, Format Version 12.00
# Visual Studio Version 17
VisualStudioVersion = 17.1.32319.34
MinimumVisualStudioVersion = 10.0.40219.1
Project("{9A19103F-16F7-4668-BE54-9A1E7A4F7556}") = "web-app", "web-app.csproj", "{DE224EFD-750B-4B9B-A5FA-DBFD7EB156CB}"
EndProject
Global
	GlobalSection(SolutionConfigurationPlatforms) = preSolution
		Debug|Any CPU = Debug|Any CPU
		Release|Any CPU = Release|Any CPU
	EndGlobalSection
	GlobalSection(ProjectConfigurationPlatforms) = postSolution
		{DE224EFD-750B-4B9B-A5FA-DBFD7EB156CB}.Debug|Any CPU.ActiveCfg = Debug|Any CPU
		{DE224EFD-750B-4B9B-A5FA-DBFD7EB156CB}.Debug|Any CPU.Build.0 = Debug|Any CPU
		{DE224EFD-750B-4B9B-A5FA-DBFD7EB156CB}.Release|Any CPU.ActiveCfg = Release|Any CPU
		{DE224EFD-750B-4B9B-A5FA-DBFD7EB156CB}.Release|Any CPU.Build.0 = Release|Any CPU
	EndGlobalSection
	GlobalSection(SolutionProperties) = preSolution
		HideSolutionNode = FALSE
	EndGlobalSection
	GlobalSection(ExtensibilityGlobals) = postSolution
		SolutionGuid = {8AC2AB7B-E6A4-40F2-93B6-1C66E09E9331}
	EndGlobalSection
EndGlobal
